Microsoft Visual Studio Solution File, Format Version 11.00
# Visual Studio 2010
Project("{8BC9CEB8-8B4A-11D0-8D11-00A0C91BC942}") = "ALL_BUILD", "ALL_BUILD.vcxproj", "{D1B77996-8F7E-384B-B19C-72131A9EB5B4}"
	ProjectSection(ProjectDependencies) = postProject
		{1C823133-3791-37DC-AF18-D27A7394945F} = {1C823133-3791-37DC-AF18-D27A7394945F}
		{897FB892-0A39-3F4D-B6DF-CA84B73E4D64} = {897FB892-0A39-3F4D-B6DF-CA84B73E4D64}
		{B77EE4C4-CBA0-3C36-84D8-87F1CDFE1E4A} = {B77EE4C4-CBA0-3C36-84D8-87F1CDFE1E4A}
		{D5818A00-9A75-3309-91D8-A67A414CBF84} = {D5818A00-9A75-3309-91D8-A67A414CBF84}
		{C0295132-A14F-37FB-BDCB-44618DBBF1A2} = {C0295132-A14F-37FB-BDCB-44618DBBF1A2}
	EndProjectSection
EndProject
Project("{8BC9CEB8-8B4A-11D0-8D11-00A0C91BC942}") = "ZERO_CHECK", "ZERO_CHECK.vcxproj", "{1C823133-3791-37DC-AF18-D27A7394945F}"
	ProjectSection(ProjectDependencies) = postProject
	EndProjectSection
EndProject
Project("{8BC9CEB8-8B4A-11D0-8D11-00A0C91BC942}") = "afl-fuzz", "afl-fuzz.vcxproj", "{897FB892-0A39-3F4D-B6DF-CA84B73E4D64}"
	ProjectSection(ProjectDependencies) = postProject
		{1C823133-3791-37DC-AF18-D27A7394945F} = {1C823133-3791-37DC-AF18-D27A7394945F}
	EndProjectSection
EndProject
Project("{8BC9CEB8-8B4A-11D0-8D11-00A0C91BC942}") = "test", "test.vcxproj", "{B77EE4C4-CBA0-3C36-84D8-87F1CDFE1E4A}"
	ProjectSection(ProjectDependencies) = postProject
		{1C823133-3791-37DC-AF18-D27A7394945F} = {1C823133-3791-37DC-AF18-D27A7394945F}
	EndProjectSection
EndProject
Project("{8BC9CEB8-8B4A-11D0-8D11-00A0C91BC942}") = "test_gdiplus", "test_gdiplus.vcxproj", "{D5818A00-9A75-3309-91D8-A67A414CBF84}"
	ProjectSection(ProjectDependencies) = postProject
		{1C823133-3791-37DC-AF18-D27A7394945F} = {1C823133-3791-37DC-AF18-D27A7394945F}
	EndProjectSection
EndProject
Project("{8BC9CEB8-8B4A-11D0-8D11-00A0C91BC942}") = "winafl", "winafl.vcxproj", "{C0295132-A14F-37FB-BDCB-44618DBBF1A2}"
	ProjectSection(ProjectDependencies) = postProject
		{1C823133-3791-37DC-AF18-D27A7394945F} = {1C823133-3791-37DC-AF18-D27A7394945F}
	EndProjectSection
EndProject
Global
	GlobalSection(SolutionConfigurationPlatforms) = preSolution
		Debug|Win32 = Debug|Win32
		Release|Win32 = Release|Win32
		MinSizeRel|Win32 = MinSizeRel|Win32
		RelWithDebInfo|Win32 = RelWithDebInfo|Win32
	EndGlobalSection
	GlobalSection(ProjectConfigurationPlatforms) = postSolution
		{D1B77996-8F7E-384B-B19C-72131A9EB5B4}.Debug|Win32.ActiveCfg = Debug|Win32
		{D1B77996-8F7E-384B-B19C-72131A9EB5B4}.Release|Win32.ActiveCfg = Release|Win32
		{D1B77996-8F7E-384B-B19C-72131A9EB5B4}.MinSizeRel|Win32.ActiveCfg = MinSizeRel|Win32
		{D1B77996-8F7E-384B-B19C-72131A9EB5B4}.RelWithDebInfo|Win32.ActiveCfg = RelWithDebInfo|Win32
		{1C823133-3791-37DC-AF18-D27A7394945F}.Debug|Win32.ActiveCfg = Debug|Win32
		{1C823133-3791-37DC-AF18-D27A7394945F}.Debug|Win32.Build.0 = Debug|Win32
		{1C823133-3791-37DC-AF18-D27A7394945F}.Release|Win32.ActiveCfg = Release|Win32
		{1C823133-3791-37DC-AF18-D27A7394945F}.Release|Win32.Build.0 = Release|Win32
		{1C823133-3791-37DC-AF18-D27A7394945F}.MinSizeRel|Win32.ActiveCfg = MinSizeRel|Win32
		{1C823133-3791-37DC-AF18-D27A7394945F}.MinSizeRel|Win32.Build.0 = MinSizeRel|Win32
		{1C823133-3791-37DC-AF18-D27A7394945F}.RelWithDebInfo|Win32.ActiveCfg = RelWithDebInfo|Win32
		{1C823133-3791-37DC-AF18-D27A7394945F}.RelWithDebInfo|Win32.Build.0 = RelWithDebInfo|Win32
		{897FB892-0A39-3F4D-B6DF-CA84B73E4D64}.Debug|Win32.ActiveCfg = Debug|Win32
		{897FB892-0A39-3F4D-B6DF-CA84B73E4D64}.Debug|Win32.Build.0 = Debug|Win32
		{897FB892-0A39-3F4D-B6DF-CA84B73E4D64}.Release|Win32.ActiveCfg = Release|Win32
		{897FB892-0A39-3F4D-B6DF-CA84B73E4D64}.Release|Win32.Build.0 = Release|Win32
		{897FB892-0A39-3F4D-B6DF-CA84B73E4D64}.MinSizeRel|Win32.ActiveCfg = MinSizeRel|Win32
		{897FB892-0A39-3F4D-B6DF-CA84B73E4D64}.MinSizeRel|Win32.Build.0 = MinSizeRel|Win32
		{897FB892-0A39-3F4D-B6DF-CA84B73E4D64}.RelWithDebInfo|Win32.ActiveCfg = RelWithDebInfo|Win32
		{897FB892-0A39-3F4D-B6DF-CA84B73E4D64}.RelWithDebInfo|Win32.Build.0 = RelWithDebInfo|Win32
		{B77EE4C4-CBA0-3C36-84D8-87F1CDFE1E4A}.Debug|Win32.ActiveCfg = Debug|Win32
		{B77EE4C4-CBA0-3C36-84D8-87F1CDFE1E4A}.Debug|Win32.Build.0 = Debug|Win32
		{B77EE4C4-CBA0-3C36-84D8-87F1CDFE1E4A}.Release|Win32.ActiveCfg = Release|Win32
		{B77EE4C4-CBA0-3C36-84D8-87F1CDFE1E4A}.Release|Win32.Build.0 = Release|Win32
		{B77EE4C4-CBA0-3C36-84D8-87F1CDFE1E4A}.MinSizeRel|Win32.ActiveCfg = MinSizeRel|Win32
		{B77EE4C4-CBA0-3C36-84D8-87F1CDFE1E4A}.MinSizeRel|Win32.Build.0 = MinSizeRel|Win32
		{B77EE4C4-CBA0-3C36-84D8-87F1CDFE1E4A}.RelWithDebInfo|Win32.ActiveCfg = RelWithDebInfo|Win32
		{B77EE4C4-CBA0-3C36-84D8-87F1CDFE1E4A}.RelWithDebInfo|Win32.Build.0 = RelWithDebInfo|Win32
		{D5818A00-9A75-3309-91D8-A67A414CBF84}.Debug|Win32.ActiveCfg = Debug|Win32
		{D5818A00-9A75-3309-91D8-A67A414CBF84}.Debug|Win32.Build.0 = Debug|Win32
		{D5818A00-9A75-3309-91D8-A67A414CBF84}.Release|Win32.ActiveCfg = Release|Win32
		{D5818A00-9A75-3309-91D8-A67A414CBF84}.Release|Win32.Build.0 = Release|Win32
		{D5818A00-9A75-3309-91D8-A67A414CBF84}.MinSizeRel|Win32.ActiveCfg = MinSizeRel|Win32
		{D5818A00-9A75-3309-91D8-A67A414CBF84}.MinSizeRel|Win32.Build.0 = MinSizeRel|Win32
		{D5818A00-9A75-3309-91D8-A67A414CBF84}.RelWithDebInfo|Win32.ActiveCfg = RelWithDebInfo|Win32
		{D5818A00-9A75-3309-91D8-A67A414CBF84}.RelWithDebInfo|Win32.Build.0 = RelWithDebInfo|Win32
		{C0295132-A14F-37FB-BDCB-44618DBBF1A2}.Debug|Win32.ActiveCfg = Debug|Win32
		{C0295132-A14F-37FB-BDCB-44618DBBF1A2}.Debug|Win32.Build.0 = Debug|Win32
		{C0295132-A14F-37FB-BDCB-44618DBBF1A2}.Release|Win32.ActiveCfg = Release|Win32
		{C0295132-A14F-37FB-BDCB-44618DBBF1A2}.Release|Win32.Build.0 = Release|Win32
		{C0295132-A14F-37FB-BDCB-44618DBBF1A2}.MinSizeRel|Win32.ActiveCfg = MinSizeRel|Win32
		{C0295132-A14F-37FB-BDCB-44618DBBF1A2}.MinSizeRel|Win32.Build.0 = MinSizeRel|Win32
		{C0295132-A14F-37FB-BDCB-44618DBBF1A2}.RelWithDebInfo|Win32.ActiveCfg = RelWithDebInfo|Win32
		{C0295132-A14F-37FB-BDCB-44618DBBF1A2}.RelWithDebInfo|Win32.Build.0 = RelWithDebInfo|Win32
	EndGlobalSection
	GlobalSection(ExtensibilityGlobals) = postSolution
	EndGlobalSection
	GlobalSection(ExtensibilityAddIns) = postSolution
	EndGlobalSection
EndGlobal
