<?xml version="1.0" encoding="UTF-8"?>
<Project ToolsVersion="4.0" xmlns="http://schemas.microsoft.com/developer/msbuild/2003">
  <ItemGroup>
    <CustomBuild Include="CMakeFiles\4f15d0da7c9191a620ce7a6930f20de3\generate.stamp.rule">
      <Filter>CMake Rules</Filter>
    </CustomBuild>
  </ItemGroup>
  <ItemGroup>
    <Filter Include="CMake Rules">
      <UniqueIdentifier>{8DEB1B04-7FEA-3D8C-9213-C89EBEB63F60}</UniqueIdentifier>
    </Filter>
  </ItemGroup>
</Project>
